
Microsoft Visual Studio Solution File, Format Version 12.00
# Visual Studio Version 16
VisualStudioVersion = 16.0.30804.86
MinimumVisualStudioVersion = 10.0.40219.1
Project("{FAE04EC0-301F-11D3-BF4B-00C04F79EFBC}") = "EasyPID", "EasyPID\EasyPID.csproj", "{F10DFD63-9206-4F54-8724-4663B8A13605}"
EndProject
Global
	GlobalSection(SolutionConfigurationPlatforms) = preSolution
		Debug|Any CPU = Debug|Any CPU
		Release|Any CPU = Release|Any CPU
	EndGlobalSection
	GlobalSection(ProjectConfigurationPlatforms) = postSolution
		{F10DFD63-9206-4F54-8724-4663B8A13605}.Debug|Any CPU.ActiveCfg = Debug|Any CPU
		{F10DFD63-9206-4F54-8724-4663B8A13605}.Debug|Any CPU.Build.0 = Debug|Any CPU
		{F10DFD63-9206-4F54-8724-4663B8A13605}.Release|Any CPU.ActiveCfg = Release|Any CPU
		{F10DFD63-9206-4F54-8724-4663B8A13605}.Release|Any CPU.Build.0 = Release|Any CPU
	EndGlobalSection
	GlobalSection(SolutionProperties) = preSolution
		HideSolutionNode = FALSE
	EndGlobalSection
	GlobalSection(ExtensibilityGlobals) = postSolution
		SolutionGuid = {FB9774FA-4B9F-4D4C-9BB1-2EFBF0BF9618}
	EndGlobalSection
EndGlobal
